
Microsoft Visual Studio Solution File, Format Version 12.00
# Visual Studio 15
VisualStudioVersion = 15.0.27130.2003
MinimumVisualStudioVersion = 10.0.40219.1
Project("{FAE04EC0-301F-11D3-BF4B-00C04F79EFBC}") = "BouncyCastle.Core", "BouncyCastle.Core\BouncyCastle.Core.csproj", "{471973E1-B3B2-4F19-B4E4-C04F7901B9A0}"
EndProject
Project("{FAE04EC0-301F-11D3-BF4B-00C04F79EFBC}") = "BouncyCastle.PG", "BouncyCastle.PG\BouncyCastle.PG.csproj", "{3248101E-3DDB-49A8-809C-E424068C8DCB}"
EndProject
Project("{FAE04EC0-301F-11D3-BF4B-00C04F79EFBC}") = "BouncyCastle.Pkix", "BouncyCastle\BouncyCastle.Pkix.csproj", "{DBDEDFFD-D009-4DF7-AB83-E3FC1352A379}"
EndProject
Global
	GlobalSection(SolutionConfigurationPlatforms) = preSolution
		Debug|Any CPU = Debug|Any CPU
		Release|Any CPU = Release|Any CPU
	EndGlobalSection
	GlobalSection(ProjectConfigurationPlatforms) = postSolution
		{471973E1-B3B2-4F19-B4E4-C04F7901B9A0}.Debug|Any CPU.ActiveCfg = Debug|Any CPU
		{471973E1-B3B2-4F19-B4E4-C04F7901B9A0}.Debug|Any CPU.Build.0 = Debug|Any CPU
		{471973E1-B3B2-4F19-B4E4-C04F7901B9A0}.Release|Any CPU.ActiveCfg = Release|Any CPU
		{471973E1-B3B2-4F19-B4E4-C04F7901B9A0}.Release|Any CPU.Build.0 = Release|Any CPU
		{3248101E-3DDB-49A8-809C-E424068C8DCB}.Debug|Any CPU.ActiveCfg = Debug|Any CPU
		{3248101E-3DDB-49A8-809C-E424068C8DCB}.Debug|Any CPU.Build.0 = Debug|Any CPU
		{3248101E-3DDB-49A8-809C-E424068C8DCB}.Release|Any CPU.ActiveCfg = Release|Any CPU
		{3248101E-3DDB-49A8-809C-E424068C8DCB}.Release|Any CPU.Build.0 = Release|Any CPU
		{DBDEDFFD-D009-4DF7-AB83-E3FC1352A379}.Debug|Any CPU.ActiveCfg = Debug|Any CPU
		{DBDEDFFD-D009-4DF7-AB83-E3FC1352A379}.Debug|Any CPU.Build.0 = Debug|Any CPU
		{DBDEDFFD-D009-4DF7-AB83-E3FC1352A379}.Release|Any CPU.ActiveCfg = Release|Any CPU
		{DBDEDFFD-D009-4DF7-AB83-E3FC1352A379}.Release|Any CPU.Build.0 = Release|Any CPU
	EndGlobalSection
	GlobalSection(SolutionProperties) = preSolution
		HideSolutionNode = FALSE
	EndGlobalSection
	GlobalSection(ExtensibilityGlobals) = postSolution
		SolutionGuid = {723266D9-7E5C-4DC2-9AB0-349D22196FA5}
	EndGlobalSection
EndGlobal
